
Microsoft Visual Studio Solution File, Format Version 12.00
# Visual Studio Version 16
VisualStudioVersion = 16.0.30804.86
MinimumVisualStudioVersion = 10.0.40219.1
Project("{F184B08F-C81C-45F6-A57F-5ABD9991F28F}") = "MVC_Core", "MVC_Core.vbproj", "{CEECF942-8974-42F3-A86D-550C55B3F398}"
EndProject
Global
	GlobalSection(SolutionConfigurationPlatforms) = preSolution
		Debug|Any CPU = Debug|Any CPU
		Release|Any CPU = Release|Any CPU
	EndGlobalSection
	GlobalSection(ProjectConfigurationPlatforms) = postSolution
		{CEECF942-8974-42F3-A86D-550C55B3F398}.Debug|Any CPU.ActiveCfg = Debug|Any CPU
		{CEECF942-8974-42F3-A86D-550C55B3F398}.Debug|Any CPU.Build.0 = Debug|Any CPU
		{CEECF942-8974-42F3-A86D-550C55B3F398}.Release|Any CPU.ActiveCfg = Release|Any CPU
		{CEECF942-8974-42F3-A86D-550C55B3F398}.Release|Any CPU.Build.0 = Release|Any CPU
	EndGlobalSection
	GlobalSection(SolutionProperties) = preSolution
		HideSolutionNode = FALSE
	EndGlobalSection
	GlobalSection(ExtensibilityGlobals) = postSolution
		SolutionGuid = {A3EE2368-742F-48D3-B27E-2A5D9F0BECCE}
	EndGlobalSection
EndGlobal
